
Microsoft Visual Studio Solution File, Format Version 12.00
# Visual Studio Version 17
VisualStudioVersion = 17.5.002.0
MinimumVisualStudioVersion = 10.0.40219.1
Project("{9A19103F-16F7-4668-BE54-9A1E7A4F7556}") = "creating-happiness", "creating-happiness\creating-happiness.csproj", "{C5E8C82E-2DE7-4646-B51D-3E8ADBECCCBE}"
EndProject
Global
	GlobalSection(SolutionConfigurationPlatforms) = preSolution
		Debug|Any CPU = Debug|Any CPU
		Release|Any CPU = Release|Any CPU
	EndGlobalSection
	GlobalSection(ProjectConfigurationPlatforms) = postSolution
		{C5E8C82E-2DE7-4646-B51D-3E8ADBECCCBE}.Debug|Any CPU.ActiveCfg = Debug|Any CPU
		{C5E8C82E-2DE7-4646-B51D-3E8ADBECCCBE}.Debug|Any CPU.Build.0 = Debug|Any CPU
		{C5E8C82E-2DE7-4646-B51D-3E8ADBECCCBE}.Release|Any CPU.ActiveCfg = Release|Any CPU
		{C5E8C82E-2DE7-4646-B51D-3E8ADBECCCBE}.Release|Any CPU.Build.0 = Release|Any CPU
	EndGlobalSection
	GlobalSection(SolutionProperties) = preSolution
		HideSolutionNode = FALSE
	EndGlobalSection
	GlobalSection(ExtensibilityGlobals) = postSolution
		SolutionGuid = {72F465D8-AC62-493C-9013-C8EBF88E3272}
	EndGlobalSection
EndGlobal
